
Microsoft Visual Studio Solution File, Format Version 12.00
# Visual Studio Version 16
VisualStudioVersion = 16.0.31005.135
MinimumVisualStudioVersion = 10.0.40219.1
Project("{FAE04EC0-301F-11D3-BF4B-00C04F79EFBC}") = "RestaurantManager.Api", "RestaurantManager.Api\RestaurantManager.Api.csproj", "{0BA0A78E-91A1-4272-9B1D-DA3485F3BE0C}"
EndProject
Project("{FAE04EC0-301F-11D3-BF4B-00C04F79EFBC}") = "RestaurantManager.Dal", "RestaurantManager.Dal\RestaurantManager.Dal.csproj", "{8CB66FA6-27C4-4936-881B-475115D3EA74}"
EndProject
Global
	GlobalSection(SolutionConfigurationPlatforms) = preSolution
		Debug|Any CPU = Debug|Any CPU
		Release|Any CPU = Release|Any CPU
	EndGlobalSection
	GlobalSection(ProjectConfigurationPlatforms) = postSolution
		{0BA0A78E-91A1-4272-9B1D-DA3485F3BE0C}.Debug|Any CPU.ActiveCfg = Debug|Any CPU
		{0BA0A78E-91A1-4272-9B1D-DA3485F3BE0C}.Debug|Any CPU.Build.0 = Debug|Any CPU
		{0BA0A78E-91A1-4272-9B1D-DA3485F3BE0C}.Release|Any CPU.ActiveCfg = Release|Any CPU
		{0BA0A78E-91A1-4272-9B1D-DA3485F3BE0C}.Release|Any CPU.Build.0 = Release|Any CPU
		{8CB66FA6-27C4-4936-881B-475115D3EA74}.Debug|Any CPU.ActiveCfg = Debug|Any CPU
		{8CB66FA6-27C4-4936-881B-475115D3EA74}.Debug|Any CPU.Build.0 = Debug|Any CPU
		{8CB66FA6-27C4-4936-881B-475115D3EA74}.Release|Any CPU.ActiveCfg = Release|Any CPU
		{8CB66FA6-27C4-4936-881B-475115D3EA74}.Release|Any CPU.Build.0 = Release|Any CPU
	EndGlobalSection
	GlobalSection(SolutionProperties) = preSolution
		HideSolutionNode = FALSE
	EndGlobalSection
	GlobalSection(ExtensibilityGlobals) = postSolution
		SolutionGuid = {486F0B2C-C9DD-4B0F-A783-509B1EFCF326}
	EndGlobalSection
EndGlobal
